// !$*UTF8*$!
{
	archiveVersion = 1;
	classes = {
	};
	objectVersion = 56;
	objects = {

/* Begin PBXFileReference section */
		4A1D5DFD28F4A10000B7C123 /* A2_iOS_Samin_101534641.app */ = {isa = PBXFileReference; explicitFileType = wrapper.application; includeInIndex = 0; path = A2_iOS_Samin_101534641.app; sourceTree = BUILT_PRODUCTS_DIR; };
/* End PBXFileReference section */

/* Begin PBXGroup section */
		4A1D5DF428F4A10000B7C123 = {
			isa = PBXGroup;
			children = (
				4A1D5DFE28F4A10000B7C123 /* Products */,
			);
			sourceTree = "<group>";
		};
		4A1D5DFE28F4A10000B7C123 /* Products */ = {
			isa = PBXGroup;
			children = (
				4A1D5DFD28F4A10000B7C123 /* A2_iOS_Samin_101534641.app */,
			);
			name = Products;
			sourceTree = "<group>";
		};
/* End PBXGroup section */

/* Begin PBXNativeTarget section */
		4A1D5DFC28F4A10000B7C123 /* A2_iOS_Samin_101534641 */ = {
			isa = PBXNativeTarget;
			buildConfigurationList = 4A1D5E0C28F4A10100B7C123 /* Build configuration list for PBXNativeTarget "A2_iOS_Samin_101534641" */;
			buildPhases = (
				4A1D5DF928F4A10000B7C123 /* Sources */,
				4A1D5DFA28F4A10000B7C123 /* Frameworks */,
				4A1D5DFB28F4A10000B7C123 /* Resources */,
			);
			buildRules = (
			);
			dependencies = (
			);
			name = A2_iOS_Samin_101534641;
			productName = A2_iOS_Samin_101534641;
			productReference = 4A1D5DFD28F4A10000B7C123 /* A2_iOS_Samin_101534641.app */;
			productType = "com.apple.product-type.application";
		};
/* End PBXNativeTarget section */

/* Begin PBXProject section */
		4A1D5DF528F4A10000B7C123 /* Project object */ = {
			isa = PBXProject;
			attributes = {
				BuildIndependentTargetsInParallel = 1;
				LastSwiftUpdateCheck = 1500;
				LastUpgradeCheck = 1500;
			};
			buildConfigurationList = 4A1D5DF828F4A10000B7C123 /* Build configuration list for PBXProject "A2_iOS_Samin_101534641" */;
			compatibilityVersion = "Xcode 14.0";
			developmentRegion = en;
			hasScannedForEncodings = 0;
			knownRegions = (
				en,
				Base,
			);
			mainGroup = 4A1D5DF428F4A10000B7C123;
			productRefGroup = 4A1D5DFE28F4A10000B7C123 /* Products */;
			projectDirPath = "";
			projectRoot = "";
			targets = (
				4A1D5DFC28F4A10000B7C123 /* A2_iOS_Samin_101534641 */,
			);
		};
/* End PBXProject section */

/* Begin PBXSourcesBuildPhase section */
		4A1D5DF928F4A10000B7C123 /* Sources */ = {
			isa = PBXSourcesBuildPhase;
			buildActionMask = 2147483647;
			files = (
			);
			runOnlyForDeploymentPostprocessing = 0;
		};
/* End PBXSourcesBuildPhase section */

/* Begin PBXFrameworksBuildPhase section */
		4A1D5DFA28F4A10000B7C123 /* Frameworks */ = {
			isa = PBXFrameworksBuildPhase;
			buildActionMask = 2147483647;
			files = (
			);
			runOnlyForDeploymentPostprocessing = 0;
		};
/* End PBXFrameworksBuildPhase section */

/* Begin PBXResourcesBuildPhase section */
		4A1D5DFB28F4A10000B7C123 /* Resources */ = {
			isa = PBXResourcesBuildPhase;
			buildActionMask = 2147483647;
			files = (
			);
			runOnlyForDeploymentPostprocessing = 0;
		};
/* End PBXResourcesBuildPhase section */

/* Begin XCBuildConfiguration section */
		4A1D5E0B28F4A10100B7C123 /* Debug */ = {
			isa = XCBuildConfiguration;
			buildSettings = {
				ALWAYS_SEARCH_USER_PATHS = NO;
				CLANG_ENABLE_MODULES = YES;
				CLANG_ENABLE_OBJC_ARC = YES;
				DEBUG_INFORMATION_FORMAT = dwarf;
				GCC_OPTIMIZATION_LEVEL = 0;
				IPHONEOS_DEPLOYMENT_TARGET = 17.0;
				SDKROOT = iphoneos;
				SWIFT_ACTIVE_COMPILATION_CONDITIONS = "DEBUG $(inherited)";
				SWIFT_OPTIMIZATION_LEVEL = "-Onone";
			};
			name = Debug;
		};
		4A1D5E0D28F4A10100B7C123 /* Release */ = {
			isa = XCBuildConfiguration;
			buildSettings = {
				ALWAYS_SEARCH_USER_PATHS = NO;
				CLANG_ENABLE_MODULES = YES;
				CLANG_ENABLE_OBJC_ARC = YES;
				DEBUG_INFORMATION_FORMAT = "dwarf-with-dsym";
				IPHONEOS_DEPLOYMENT_TARGET = 17.0;
				SDKROOT = iphoneos;
				SWIFT_COMPILATION_MODE = wholemodule;
			};
			name = Release;
		};
		4A1D5E0E28F4A10100B7C123 /* Debug */ = {
			isa = XCBuildConfiguration;
			buildSettings = {
				ASSETCATALOG_COMPILER_APPICON_NAME = AppIcon;
				CODE_SIGN_STYLE = Automatic;
				CURRENT_PROJECT_VERSION = 1;
				GENERATE_INFOPLIST_FILE = YES;
				INFOPLIST_KEY_UIApplicationSceneManifest_Generation = YES;
				INFOPLIST_KEY_UILaunchScreen_Generation = YES;
				MARKETING_VERSION = 1.0;
				PRODUCT_BUNDLE_IDENTIFIER = "com.samin.A2-iOS-Samin-101534641";
				PRODUCT_NAME = "$(TARGET_NAME)";
				SWIFT_VERSION = 5.0;
				TARGETED_DEVICE_FAMILY = "1,2";
			};
			name = Debug;
		};
		4A1D5E0F28F4A10100B7C123 /* Release */ = {
			isa = XCBuildConfiguration;
			buildSettings = {
				ASSETCATALOG_COMPILER_APPICON_NAME = AppIcon;
				CODE_SIGN_STYLE = Automatic;
				CURRENT_PROJECT_VERSION = 1;
				GENERATE_INFOPLIST_FILE = YES;
				INFOPLIST_KEY_UIApplicationSceneManifest_Generation = YES;
				INFOPLIST_KEY_UILaunchScreen_Generation = YES;
				MARKETING_VERSION = 1.0;
				PRODUCT_BUNDLE_IDENTIFIER = "com.samin.A2-iOS-Samin-101534641";
				PRODUCT_NAME = "$(TARGET_NAME)";
				SWIFT_VERSION = 5.0;
				TARGETED_DEVICE_FAMILY = "1,2";
			};
			name = Release;
		};
/* End XCBuildConfiguration section */

/* Begin XCConfigurationList section */
		4A1D5DF828F4A10000B7C123 /* Build configuration list for PBXProject "A2_iOS_Samin_101534641" */ = {
			isa = XCConfigurationList;
			buildConfigurations = (
				4A1D5E0B28F4A10100B7C123 /* Debug */,
				4A1D5E0D28F4A10100B7C123 /* Release */,
			);
			defaultConfigurationIsVisible = 0;
			defaultConfigurationName = Release;
		};
		4A1D5E0C28F4A10100B7C123 /* Build configuration list for PBXNativeTarget "A2_iOS_Samin_101534641" */ = {
			isa = XCConfigurationList;
			buildConfigurations = (
				4A1D5E0E28F4A10100B7C123 /* Debug */,
				4A1D5E0F28F4A10100B7C123 /* Release */,
			);
			defaultConfigurationIsVisible = 0;
			defaultConfigurationName = Release;
		};
/* End XCConfigurationList section */
	};
	rootObject = 4A1D5DF528F4A10000B7C123 /* Project object */;
}
